<Solution>
  <Folder Name="/src/">
    <Project Path="src/CagnotteSolidaire.API/CagnotteSolidaire.API.csproj" />
    <Project Path="src/CagnotteSolidaire.Application/CagnotteSolidaire.Application.csproj" />
    <Project Path="src/CagnotteSolidaire.Domain/CagnotteSolidaire.Domain.csproj" />
    <Project Path="src/CagnotteSolidaire.Infrastructure/CagnotteSolidaire.Infrastructure.csproj" />
    <Project Path="src/CagnotteSolidaire.Web/CagnotteSolidaire.Web.csproj" />
  </Folder>
  <Folder Name="/tests/">
    <Project Path="tests/CagnotteSolidaire.Application.Tests/CagnotteSolidaire.Application.Tests.csproj" />
  </Folder>
  <Folder Name="/Éléments de solution/">
    <File Path="README.txt" />
  </Folder>
</Solution>
