
Microsoft Visual Studio Solution File, Format Version 12.00
# Visual Studio Version 17
VisualStudioVersion = 17.14.36511.14
MinimumVisualStudioVersion = 10.0.40219.1
Project("{FAE04EC0-301F-11D3-BF4B-00C04F79EFBC}") = "CagnotteSolidaire.Domain", "CagnotteSolidaire.Domain\CagnotteSolidaire.Domain.csproj", "{07718EDC-20D7-48A4-BA54-D64F46116F46}"
EndProject
Project("{FAE04EC0-301F-11D3-BF4B-00C04F79EFBC}") = "CagnotteSolidaire.Domain.Tests", "CagnotteSolidaire.Domain.Tests\CagnotteSolidaire.Domain.Tests.csproj", "{9A360A9C-B9C2-4422-B425-284E860D739D}"
EndProject
Global
	GlobalSection(SolutionConfigurationPlatforms) = preSolution
		Debug|Any CPU = Debug|Any CPU
		Release|Any CPU = Release|Any CPU
	EndGlobalSection
	GlobalSection(ProjectConfigurationPlatforms) = postSolution
		{07718EDC-20D7-48A4-BA54-D64F46116F46}.Debug|Any CPU.ActiveCfg = Debug|Any CPU
		{07718EDC-20D7-48A4-BA54-D64F46116F46}.Debug|Any CPU.Build.0 = Debug|Any CPU
		{07718EDC-20D7-48A4-BA54-D64F46116F46}.Release|Any CPU.ActiveCfg = Release|Any CPU
		{07718EDC-20D7-48A4-BA54-D64F46116F46}.Release|Any CPU.Build.0 = Release|Any CPU
		{9A360A9C-B9C2-4422-B425-284E860D739D}.Debug|Any CPU.ActiveCfg = Debug|Any CPU
		{9A360A9C-B9C2-4422-B425-284E860D739D}.Debug|Any CPU.Build.0 = Debug|Any CPU
		{9A360A9C-B9C2-4422-B425-284E860D739D}.Release|Any CPU.ActiveCfg = Release|Any CPU
		{9A360A9C-B9C2-4422-B425-284E860D739D}.Release|Any CPU.Build.0 = Release|Any CPU
	EndGlobalSection
	GlobalSection(SolutionProperties) = preSolution
		HideSolutionNode = FALSE
	EndGlobalSection
	GlobalSection(ExtensibilityGlobals) = postSolution
		SolutionGuid = {F56751E0-C95A-4D6A-AD88-04328D70FE47}
	EndGlobalSection
EndGlobal
